
Microsoft Visual Studio Solution File, Format Version 12.00
Project("{FAE04EC0-301F-11D3-BF4B-00C04F79EFBC}") = "VimPratice", "VimPratice\VimPratice.csproj", "{48C818BB-5A9A-41D9-94CD-59C2BF896A06}"
EndProject
Global
	GlobalSection(SolutionConfigurationPlatforms) = preSolution
		Debug|Any CPU = Debug|Any CPU
		Release|Any CPU = Release|Any CPU
	EndGlobalSection
	GlobalSection(ProjectConfigurationPlatforms) = postSolution
		{48C818BB-5A9A-41D9-94CD-59C2BF896A06}.Debug|Any CPU.ActiveCfg = Debug|Any CPU
		{48C818BB-5A9A-41D9-94CD-59C2BF896A06}.Debug|Any CPU.Build.0 = Debug|Any CPU
		{48C818BB-5A9A-41D9-94CD-59C2BF896A06}.Release|Any CPU.ActiveCfg = Release|Any CPU
		{48C818BB-5A9A-41D9-94CD-59C2BF896A06}.Release|Any CPU.Build.0 = Release|Any CPU
	EndGlobalSection
EndGlobal
